
Microsoft Visual Studio Solution File, Format Version 12.00
# Visual Studio Version 17
VisualStudioVersion = 17.3.32922.545
MinimumVisualStudioVersion = 10.0.40219.1
Project("{2150E333-8FDC-42A3-9474-1A3956D46DE8}") = "src", "src", "{1747BF61-3E94-4027-8BA6-003845A38B48}"
EndProject
Project("{2150E333-8FDC-42A3-9474-1A3956D46DE8}") = "test", "test", "{16A43377-5453-4F67-A7BB-A61B63F393C7}"
EndProject
Project("{2150E333-8FDC-42A3-9474-1A3956D46DE8}") = "API", "API", "{11CDF616-2596-4754-90A0-00E53424B183}"
EndProject
Project("{2150E333-8FDC-42A3-9474-1A3956D46DE8}") = "Core", "Core", "{1C556651-AD46-4914-8385-B37E6DF9048D}"
EndProject
Project("{2150E333-8FDC-42A3-9474-1A3956D46DE8}") = "Infrastructure", "Infrastructure", "{184D790F-CDAE-47D4-9A36-DE1D67903915}"
EndProject
Project("{9A19103F-16F7-4668-BE54-9A1E7A4F7556}") = "Jiwebapi.Catalog.Domain", "Jiwebapi.Catalog.Domain\Jiwebapi.Catalog.Domain.csproj", "{1F08D55A-561C-4DDA-A6E9-631E70F3FB03}"
EndProject
Project("{9A19103F-16F7-4668-BE54-9A1E7A4F7556}") = "Jiwebapi.Catalog.Application", "Jiwebapi.Catalog.Application\Jiwebapi.Catalog.Application.csproj", "{13796765-E7CC-4303-9F72-8E6614AF0D34}"
EndProject
Project("{9A19103F-16F7-4668-BE54-9A1E7A4F7556}") = "Jiwebapi.Catalog.Persistence", "Jiwebapi.Catalog.Persistence\Jiwebapi.Catalog.Persistence.csproj", "{10768857-E299-48BA-86E4-BADBF0F64F16}"
EndProject
Project("{9A19103F-16F7-4668-BE54-9A1E7A4F7556}") = "Jiwebapi.Catalog.Identity", "Jiwebapi.Catalog.Identity\Jiwebapi.Catalog.Identity.csproj", "{19C3C9C2-D294-4FF3-B458-7089B424837E}"
EndProject
Project("{9A19103F-16F7-4668-BE54-9A1E7A4F7556}") = "Jiwebapi.Catalog.Api", "Jiwebapi.Catalog.Api\Jiwebapi.Catalog.Api.csproj", "{141CBA37-647B-4606-9D41-76255D2A6BD7}"
EndProject
Project("{9A19103F-16F7-4668-BE54-9A1E7A4F7556}") = "Jiwebapi.Catalog.Application.UnitTests", "Jiwebapi.Catalog.Application.UnitTests\Jiwebapi.Catalog.Application.UnitTests.csproj", "{113B5EC1-4435-4891-BCF1-6BAE82E0C0AF}"
EndProject
Project("{9A19103F-16F7-4668-BE54-9A1E7A4F7556}") = "Jiwebapi.Catalog.API.IntegrationTests", "Jiwebapi.Catalog.API.IntegrationTests\Jiwebapi.Catalog.API.IntegrationTests.csproj", "{11FFEBEA-A6A8-44A3-BC90-7959E9C83ED2}"
EndProject
Project("{9A19103F-16F7-4668-BE54-9A1E7A4F7556}") = "Jiwebapi.Catalog.Persistence.IntegrationTests", "Jiwebapi.Catalog.Persistence.IntegrationTests\Jiwebapi.Catalog.Persistence.IntegrationTests.csproj", "{1F8102B8-F26F-4B20-9E90-659855B44A5D}"
EndProject
Project("{9A19103F-16F7-4668-BE54-9A1E7A4F7556}") = "Jiwebapi.Catalog.Cache", "Jiwebapi.Catalog.Cache\Jiwebapi.Catalog.Cache.csproj", "{77D985A5-3984-4FAE-A2E0-2E30E1FE79A7}"
EndProject
Project("{9A19103F-16F7-4668-BE54-9A1E7A4F7556}") = "Jiwebapi.Catalog.Message", "Jiwebapi.Catalog.Message\Jiwebapi.Catalog.Message.csproj", "{6ADC5AE7-A1DB-4904-B377-4F431395285B}"
EndProject
Project("{9A19103F-16F7-4668-BE54-9A1E7A4F7556}") = "Jiwebapi.Catalog.History", "Jiwebapi.Catalog.History\Jiwebapi.Catalog.History.csproj", "{265894A8-33A4-4844-A1A7-E3B1E20235E7}"
EndProject
Global
	GlobalSection(SolutionConfigurationPlatforms) = preSolution
		Debug|Any CPU = Debug|Any CPU
		Release|Any CPU = Release|Any CPU
	EndGlobalSection
	GlobalSection(ProjectConfigurationPlatforms) = postSolution
		{1F08D55A-561C-4DDA-A6E9-631E70F3FB03}.Debug|Any CPU.ActiveCfg = Debug|Any CPU
		{1F08D55A-561C-4DDA-A6E9-631E70F3FB03}.Debug|Any CPU.Build.0 = Debug|Any CPU
		{1F08D55A-561C-4DDA-A6E9-631E70F3FB03}.Release|Any CPU.ActiveCfg = Release|Any CPU
		{1F08D55A-561C-4DDA-A6E9-631E70F3FB03}.Release|Any CPU.Build.0 = Release|Any CPU
		{13796765-E7CC-4303-9F72-8E6614AF0D34}.Debug|Any CPU.ActiveCfg = Debug|Any CPU
		{13796765-E7CC-4303-9F72-8E6614AF0D34}.Debug|Any CPU.Build.0 = Debug|Any CPU
		{13796765-E7CC-4303-9F72-8E6614AF0D34}.Release|Any CPU.ActiveCfg = Release|Any CPU
		{13796765-E7CC-4303-9F72-8E6614AF0D34}.Release|Any CPU.Build.0 = Release|Any CPU
		{10768857-E299-48BA-86E4-BADBF0F64F16}.Debug|Any CPU.ActiveCfg = Debug|Any CPU
		{10768857-E299-48BA-86E4-BADBF0F64F16}.Debug|Any CPU.Build.0 = Debug|Any CPU
		{10768857-E299-48BA-86E4-BADBF0F64F16}.Release|Any CPU.ActiveCfg = Release|Any CPU
		{10768857-E299-48BA-86E4-BADBF0F64F16}.Release|Any CPU.Build.0 = Release|Any CPU
		{19C3C9C2-D294-4FF3-B458-7089B424837E}.Debug|Any CPU.ActiveCfg = Debug|Any CPU
		{19C3C9C2-D294-4FF3-B458-7089B424837E}.Debug|Any CPU.Build.0 = Debug|Any CPU
		{19C3C9C2-D294-4FF3-B458-7089B424837E}.Release|Any CPU.ActiveCfg = Release|Any CPU
		{19C3C9C2-D294-4FF3-B458-7089B424837E}.Release|Any CPU.Build.0 = Release|Any CPU
		{141CBA37-647B-4606-9D41-76255D2A6BD7}.Debug|Any CPU.ActiveCfg = Debug|Any CPU
		{141CBA37-647B-4606-9D41-76255D2A6BD7}.Debug|Any CPU.Build.0 = Debug|Any CPU
		{141CBA37-647B-4606-9D41-76255D2A6BD7}.Release|Any CPU.ActiveCfg = Release|Any CPU
		{141CBA37-647B-4606-9D41-76255D2A6BD7}.Release|Any CPU.Build.0 = Release|Any CPU
		{113B5EC1-4435-4891-BCF1-6BAE82E0C0AF}.Debug|Any CPU.ActiveCfg = Debug|Any CPU
		{113B5EC1-4435-4891-BCF1-6BAE82E0C0AF}.Debug|Any CPU.Build.0 = Debug|Any CPU
		{113B5EC1-4435-4891-BCF1-6BAE82E0C0AF}.Release|Any CPU.ActiveCfg = Release|Any CPU
		{113B5EC1-4435-4891-BCF1-6BAE82E0C0AF}.Release|Any CPU.Build.0 = Release|Any CPU
		{11FFEBEA-A6A8-44A3-BC90-7959E9C83ED2}.Debug|Any CPU.ActiveCfg = Debug|Any CPU
		{11FFEBEA-A6A8-44A3-BC90-7959E9C83ED2}.Debug|Any CPU.Build.0 = Debug|Any CPU
		{11FFEBEA-A6A8-44A3-BC90-7959E9C83ED2}.Release|Any CPU.ActiveCfg = Release|Any CPU
		{11FFEBEA-A6A8-44A3-BC90-7959E9C83ED2}.Release|Any CPU.Build.0 = Release|Any CPU
		{1F8102B8-F26F-4B20-9E90-659855B44A5D}.Debug|Any CPU.ActiveCfg = Debug|Any CPU
		{1F8102B8-F26F-4B20-9E90-659855B44A5D}.Debug|Any CPU.Build.0 = Debug|Any CPU
		{1F8102B8-F26F-4B20-9E90-659855B44A5D}.Release|Any CPU.ActiveCfg = Release|Any CPU
		{1F8102B8-F26F-4B20-9E90-659855B44A5D}.Release|Any CPU.Build.0 = Release|Any CPU
		{77D985A5-3984-4FAE-A2E0-2E30E1FE79A7}.Debug|Any CPU.ActiveCfg = Debug|Any CPU
		{77D985A5-3984-4FAE-A2E0-2E30E1FE79A7}.Debug|Any CPU.Build.0 = Debug|Any CPU
		{77D985A5-3984-4FAE-A2E0-2E30E1FE79A7}.Release|Any CPU.ActiveCfg = Release|Any CPU
		{77D985A5-3984-4FAE-A2E0-2E30E1FE79A7}.Release|Any CPU.Build.0 = Release|Any CPU
		{6ADC5AE7-A1DB-4904-B377-4F431395285B}.Debug|Any CPU.ActiveCfg = Debug|Any CPU
		{6ADC5AE7-A1DB-4904-B377-4F431395285B}.Debug|Any CPU.Build.0 = Debug|Any CPU
		{6ADC5AE7-A1DB-4904-B377-4F431395285B}.Release|Any CPU.ActiveCfg = Release|Any CPU
		{6ADC5AE7-A1DB-4904-B377-4F431395285B}.Release|Any CPU.Build.0 = Release|Any CPU
		{265894A8-33A4-4844-A1A7-E3B1E20235E7}.Debug|Any CPU.ActiveCfg = Debug|Any CPU
		{265894A8-33A4-4844-A1A7-E3B1E20235E7}.Debug|Any CPU.Build.0 = Debug|Any CPU
		{265894A8-33A4-4844-A1A7-E3B1E20235E7}.Release|Any CPU.ActiveCfg = Release|Any CPU
		{265894A8-33A4-4844-A1A7-E3B1E20235E7}.Release|Any CPU.Build.0 = Release|Any CPU
	EndGlobalSection
	GlobalSection(SolutionProperties) = preSolution
		HideSolutionNode = FALSE
	EndGlobalSection
	GlobalSection(NestedProjects) = preSolution
		{11CDF616-2596-4754-90A0-00E53424B183} = {1747BF61-3E94-4027-8BA6-003845A38B48}
		{1C556651-AD46-4914-8385-B37E6DF9048D} = {1747BF61-3E94-4027-8BA6-003845A38B48}
		{184D790F-CDAE-47D4-9A36-DE1D67903915} = {1747BF61-3E94-4027-8BA6-003845A38B48}
		{1F08D55A-561C-4DDA-A6E9-631E70F3FB03} = {1C556651-AD46-4914-8385-B37E6DF9048D}
		{13796765-E7CC-4303-9F72-8E6614AF0D34} = {1C556651-AD46-4914-8385-B37E6DF9048D}
		{10768857-E299-48BA-86E4-BADBF0F64F16} = {184D790F-CDAE-47D4-9A36-DE1D67903915}
		{19C3C9C2-D294-4FF3-B458-7089B424837E} = {184D790F-CDAE-47D4-9A36-DE1D67903915}
		{141CBA37-647B-4606-9D41-76255D2A6BD7} = {11CDF616-2596-4754-90A0-00E53424B183}
		{113B5EC1-4435-4891-BCF1-6BAE82E0C0AF} = {16A43377-5453-4F67-A7BB-A61B63F393C7}
		{11FFEBEA-A6A8-44A3-BC90-7959E9C83ED2} = {16A43377-5453-4F67-A7BB-A61B63F393C7}
		{1F8102B8-F26F-4B20-9E90-659855B44A5D} = {16A43377-5453-4F67-A7BB-A61B63F393C7}
		{77D985A5-3984-4FAE-A2E0-2E30E1FE79A7} = {184D790F-CDAE-47D4-9A36-DE1D67903915}
		{6ADC5AE7-A1DB-4904-B377-4F431395285B} = {184D790F-CDAE-47D4-9A36-DE1D67903915}
		{265894A8-33A4-4844-A1A7-E3B1E20235E7} = {184D790F-CDAE-47D4-9A36-DE1D67903915}
	EndGlobalSection
	GlobalSection(ExtensibilityGlobals) = postSolution
		SolutionGuid = {03CB975B-F3C6-4299-AE35-9AED6626EEA3}
	EndGlobalSection
EndGlobal
